
Microsoft Visual Studio Solution File, Format Version 12.00
# Visual Studio Version 16
VisualStudioVersion = 16.0.29411.108
MinimumVisualStudioVersion = 10.0.40219.1
Project("{FAE04EC0-301F-11D3-BF4B-00C04F79EFBC}") = "DrawingViewScale", "DrawingViewScale\DrawingViewScale.csproj", "{B8C23B1A-F007-4FBD-8D56-1F23D2519DBE}"
EndProject
Global
	GlobalSection(SolutionConfigurationPlatforms) = preSolution
		Debug|Any CPU = Debug|Any CPU
		Release|Any CPU = Release|Any CPU
	EndGlobalSection
	GlobalSection(ProjectConfigurationPlatforms) = postSolution
		{B8C23B1A-F007-4FBD-8D56-1F23D2519DBE}.Debug|Any CPU.ActiveCfg = Debug|Any CPU
		{B8C23B1A-F007-4FBD-8D56-1F23D2519DBE}.Debug|Any CPU.Build.0 = Debug|Any CPU
		{B8C23B1A-F007-4FBD-8D56-1F23D2519DBE}.Release|Any CPU.ActiveCfg = Release|Any CPU
		{B8C23B1A-F007-4FBD-8D56-1F23D2519DBE}.Release|Any CPU.Build.0 = Release|Any CPU
	EndGlobalSection
	GlobalSection(SolutionProperties) = preSolution
		HideSolutionNode = FALSE
	EndGlobalSection
	GlobalSection(ExtensibilityGlobals) = postSolution
		SolutionGuid = {8314E211-AE98-4C67-A1EC-3437A74AE7B5}
	EndGlobalSection
EndGlobal
